// !$*UTF8*$!
{
	archiveVersion = 1;
	classes = {
	};
	objectVersion = 56;
	objects = {

/* Begin PBXBuildFile section */
		7591EC182B2A2EE3000162F7 /* TravelCardView.swift in Sources */ = {isa = PBXBuildFile; fileRef = 7591EC172B2A2EE3000162F7 /* TravelCardView.swift */; };
		7591EC1A2B2A3BD5000162F7 /* DestinationDetailView.swift in Sources */ = {isa = PBXBuildFile; fileRef = 7591EC192B2A3BD5000162F7 /* DestinationDetailView.swift */; };
		7591EC212B2A46DE000162F7 /* VStackTextView.swift in Sources */ = {isa = PBXBuildFile; fileRef = 7591EC202B2A46DE000162F7 /* VStackTextView.swift */; };
		7591EC242B2A4F21000162F7 /* CustomButtonView.swift in Sources */ = {isa = PBXBuildFile; fileRef = 7591EC232B2A4F21000162F7 /* CustomButtonView.swift */; };
		7591EC262B2A5343000162F7 /* ImageCarouselView.swift in Sources */ = {isa = PBXBuildFile; fileRef = 7591EC252B2A5343000162F7 /* ImageCarouselView.swift */; };
		7591EC282B2A5502000162F7 /* TransportView.swift in Sources */ = {isa = PBXBuildFile; fileRef = 7591EC272B2A5502000162F7 /* TransportView.swift */; };
		7591EC2A2B2A550B000162F7 /* MustSeeView.swift in Sources */ = {isa = PBXBuildFile; fileRef = 7591EC292B2A550B000162F7 /* MustSeeView.swift */; };
		7591EC2C2B2A551F000162F7 /* HotelsView.swift in Sources */ = {isa = PBXBuildFile; fileRef = 7591EC2B2B2A551F000162F7 /* HotelsView.swift */; };
		75D361B62B29CE7E00625B85 /* TravelAppApp.swift in Sources */ = {isa = PBXBuildFile; fileRef = 75D361B52B29CE7E00625B85 /* TravelAppApp.swift */; };
		75D361B82B29CE7E00625B85 /* TravelAppMainView.swift in Sources */ = {isa = PBXBuildFile; fileRef = 75D361B72B29CE7E00625B85 /* TravelAppMainView.swift */; };
		75D361BA2B29CE7E00625B85 /* Assets.xcassets in Resources */ = {isa = PBXBuildFile; fileRef = 75D361B92B29CE7E00625B85 /* Assets.xcassets */; };
		75D361BD2B29CE7E00625B85 /* Preview Assets.xcassets in Resources */ = {isa = PBXBuildFile; fileRef = 75D361BC2B29CE7E00625B85 /* Preview Assets.xcassets */; };
		75D361C42B29EB4F00625B85 /* DestinationModel.swift in Sources */ = {isa = PBXBuildFile; fileRef = 75D361C32B29EB4F00625B85 /* DestinationModel.swift */; };
		75D361C72B29F52D00625B85 /* HeaderView.swift in Sources */ = {isa = PBXBuildFile; fileRef = 75D361C62B29F52D00625B85 /* HeaderView.swift */; };
		75D361CD2B29F6D300625B85 /* NetSwift in Frameworks */ = {isa = PBXBuildFile; productRef = 75D361CC2B29F6D300625B85 /* NetSwift */; };
		75D361CF2B29F6F700625B85 /* TravelAppViewModel.swift in Sources */ = {isa = PBXBuildFile; fileRef = 75D361CE2B29F6F700625B85 /* TravelAppViewModel.swift */; };
/* End PBXBuildFile section */

/* Begin PBXFileReference section */
		7591EC172B2A2EE3000162F7 /* TravelCardView.swift */ = {isa = PBXFileReference; lastKnownFileType = sourcecode.swift; path = TravelCardView.swift; sourceTree = "<group>"; };
		7591EC192B2A3BD5000162F7 /* DestinationDetailView.swift */ = {isa = PBXFileReference; lastKnownFileType = sourcecode.swift; path = DestinationDetailView.swift; sourceTree = "<group>"; };
		7591EC202B2A46DE000162F7 /* VStackTextView.swift */ = {isa = PBXFileReference; lastKnownFileType = sourcecode.swift; path = VStackTextView.swift; sourceTree = "<group>"; };
		7591EC232B2A4F21000162F7 /* CustomButtonView.swift */ = {isa = PBXFileReference; lastKnownFileType = sourcecode.swift; path = CustomButtonView.swift; sourceTree = "<group>"; };
		7591EC252B2A5343000162F7 /* ImageCarouselView.swift */ = {isa = PBXFileReference; lastKnownFileType = sourcecode.swift; path = ImageCarouselView.swift; sourceTree = "<group>"; };
		7591EC272B2A5502000162F7 /* TransportView.swift */ = {isa = PBXFileReference; lastKnownFileType = sourcecode.swift; path = TransportView.swift; sourceTree = "<group>"; };
		7591EC292B2A550B000162F7 /* MustSeeView.swift */ = {isa = PBXFileReference; lastKnownFileType = sourcecode.swift; path = MustSeeView.swift; sourceTree = "<group>"; };
		7591EC2B2B2A551F000162F7 /* HotelsView.swift */ = {isa = PBXFileReference; lastKnownFileType = sourcecode.swift; path = HotelsView.swift; sourceTree = "<group>"; };
		75D361B22B29CE7E00625B85 /* TravelApp.app */ = {isa = PBXFileReference; explicitFileType = wrapper.application; includeInIndex = 0; path = TravelApp.app; sourceTree = BUILT_PRODUCTS_DIR; };
		75D361B52B29CE7E00625B85 /* TravelAppApp.swift */ = {isa = PBXFileReference; lastKnownFileType = sourcecode.swift; path = TravelAppApp.swift; sourceTree = "<group>"; };
		75D361B72B29CE7E00625B85 /* TravelAppMainView.swift */ = {isa = PBXFileReference; lastKnownFileType = sourcecode.swift; path = TravelAppMainView.swift; sourceTree = "<group>"; };
		75D361B92B29CE7E00625B85 /* Assets.xcassets */ = {isa = PBXFileReference; lastKnownFileType = folder.assetcatalog; path = Assets.xcassets; sourceTree = "<group>"; };
		75D361BC2B29CE7E00625B85 /* Preview Assets.xcassets */ = {isa = PBXFileReference; lastKnownFileType = folder.assetcatalog; path = "Preview Assets.xcassets"; sourceTree = "<group>"; };
		75D361C32B29EB4F00625B85 /* DestinationModel.swift */ = {isa = PBXFileReference; lastKnownFileType = sourcecode.swift; path = DestinationModel.swift; sourceTree = "<group>"; };
		75D361C62B29F52D00625B85 /* HeaderView.swift */ = {isa = PBXFileReference; lastKnownFileType = sourcecode.swift; path = HeaderView.swift; sourceTree = "<group>"; };
		75D361CE2B29F6F700625B85 /* TravelAppViewModel.swift */ = {isa = PBXFileReference; lastKnownFileType = sourcecode.swift; path = TravelAppViewModel.swift; sourceTree = "<group>"; };
/* End PBXFileReference section */

/* Begin PBXFrameworksBuildPhase section */
		75D361AF2B29CE7E00625B85 /* Frameworks */ = {
			isa = PBXFrameworksBuildPhase;
			buildActionMask = 2147483647;
			files = (
				75D361CD2B29F6D300625B85 /* NetSwift in Frameworks */,
			);
			runOnlyForDeploymentPostprocessing = 0;
		};
/* End PBXFrameworksBuildPhase section */

/* Begin PBXGroup section */
		7591EC1F2B2A46CE000162F7 /* Sharable */ = {
			isa = PBXGroup;
			children = (
				7591EC202B2A46DE000162F7 /* VStackTextView.swift */,
				7591EC232B2A4F21000162F7 /* CustomButtonView.swift */,
			);
			path = Sharable;
			sourceTree = "<group>";
		};
		7591EC222B2A481C000162F7 /* Screens */ = {
			isa = PBXGroup;
			children = (
				75D361B72B29CE7E00625B85 /* TravelAppMainView.swift */,
				7591EC192B2A3BD5000162F7 /* DestinationDetailView.swift */,
				7591EC272B2A5502000162F7 /* TransportView.swift */,
				7591EC292B2A550B000162F7 /* MustSeeView.swift */,
				7591EC2B2B2A551F000162F7 /* HotelsView.swift */,
			);
			path = Screens;
			sourceTree = "<group>";
		};
		75D361A92B29CE7E00625B85 = {
			isa = PBXGroup;
			children = (
				75D361B42B29CE7E00625B85 /* TravelApp */,
				75D361B32B29CE7E00625B85 /* Products */,
			);
			sourceTree = "<group>";
		};
		75D361B32B29CE7E00625B85 /* Products */ = {
			isa = PBXGroup;
			children = (
				75D361B22B29CE7E00625B85 /* TravelApp.app */,
			);
			name = Products;
			sourceTree = "<group>";
		};
		75D361B42B29CE7E00625B85 /* TravelApp */ = {
			isa = PBXGroup;
			children = (
				7591EC222B2A481C000162F7 /* Screens */,
				75D361C82B29F68900625B85 /* App */,
				75D361C52B29F51F00625B85 /* Views */,
				75D361CA2B29F69E00625B85 /* ViewModel */,
				75D361C92B29F69900625B85 /* Model */,
				75D361B92B29CE7E00625B85 /* Assets.xcassets */,
				75D361BB2B29CE7E00625B85 /* Preview Content */,
			);
			path = TravelApp;
			sourceTree = "<group>";
		};
		75D361BB2B29CE7E00625B85 /* Preview Content */ = {
			isa = PBXGroup;
			children = (
				75D361BC2B29CE7E00625B85 /* Preview Assets.xcassets */,
			);
			path = "Preview Content";
			sourceTree = "<group>";
		};
		75D361C52B29F51F00625B85 /* Views */ = {
			isa = PBXGroup;
			children = (
				7591EC1F2B2A46CE000162F7 /* Sharable */,
				75D361C62B29F52D00625B85 /* HeaderView.swift */,
				7591EC172B2A2EE3000162F7 /* TravelCardView.swift */,
				7591EC252B2A5343000162F7 /* ImageCarouselView.swift */,
			);
			path = Views;
			sourceTree = "<group>";
		};
		75D361C82B29F68900625B85 /* App */ = {
			isa = PBXGroup;
			children = (
				75D361B52B29CE7E00625B85 /* TravelAppApp.swift */,
			);
			path = App;
			sourceTree = "<group>";
		};
		75D361C92B29F69900625B85 /* Model */ = {
			isa = PBXGroup;
			children = (
				75D361C32B29EB4F00625B85 /* DestinationModel.swift */,
			);
			path = Model;
			sourceTree = "<group>";
		};
		75D361CA2B29F69E00625B85 /* ViewModel */ = {
			isa = PBXGroup;
			children = (
				75D361CE2B29F6F700625B85 /* TravelAppViewModel.swift */,
			);
			path = ViewModel;
			sourceTree = "<group>";
		};
/* End PBXGroup section */

/* Begin PBXNativeTarget section */
		75D361B12B29CE7E00625B85 /* TravelApp */ = {
			isa = PBXNativeTarget;
			buildConfigurationList = 75D361C02B29CE7E00625B85 /* Build configuration list for PBXNativeTarget "TravelApp" */;
			buildPhases = (
				75D361AE2B29CE7E00625B85 /* Sources */,
				75D361AF2B29CE7E00625B85 /* Frameworks */,
				75D361B02B29CE7E00625B85 /* Resources */,
			);
			buildRules = (
			);
			dependencies = (
			);
			name = TravelApp;
			packageProductDependencies = (
				75D361CC2B29F6D300625B85 /* NetSwift */,
			);
			productName = TravelApp;
			productReference = 75D361B22B29CE7E00625B85 /* TravelApp.app */;
			productType = "com.apple.product-type.application";
		};
/* End PBXNativeTarget section */

/* Begin PBXProject section */
		75D361AA2B29CE7E00625B85 /* Project object */ = {
			isa = PBXProject;
			attributes = {
				BuildIndependentTargetsInParallel = 1;
				LastSwiftUpdateCheck = 1510;
				LastUpgradeCheck = 1510;
				TargetAttributes = {
					75D361B12B29CE7E00625B85 = {
						CreatedOnToolsVersion = 15.1;
					};
				};
			};
			buildConfigurationList = 75D361AD2B29CE7E00625B85 /* Build configuration list for PBXProject "TravelApp" */;
			compatibilityVersion = "Xcode 14.0";
			developmentRegion = en;
			hasScannedForEncodings = 0;
			knownRegions = (
				en,
				Base,
			);
			mainGroup = 75D361A92B29CE7E00625B85;
			packageReferences = (
				75D361CB2B29F6D300625B85 /* XCRemoteSwiftPackageReference "SwiftNet" */,
			);
			productRefGroup = 75D361B32B29CE7E00625B85 /* Products */;
			projectDirPath = "";
			projectRoot = "";
			targets = (
				75D361B12B29CE7E00625B85 /* TravelApp */,
			);
		};
/* End PBXProject section */

/* Begin PBXResourcesBuildPhase section */
		75D361B02B29CE7E00625B85 /* Resources */ = {
			isa = PBXResourcesBuildPhase;
			buildActionMask = 2147483647;
			files = (
				75D361BD2B29CE7E00625B85 /* Preview Assets.xcassets in Resources */,
				75D361BA2B29CE7E00625B85 /* Assets.xcassets in Resources */,
			);
			runOnlyForDeploymentPostprocessing = 0;
		};
/* End PBXResourcesBuildPhase section */

/* Begin PBXSourcesBuildPhase section */
		75D361AE2B29CE7E00625B85 /* Sources */ = {
			isa = PBXSourcesBuildPhase;
			buildActionMask = 2147483647;
			files = (
				75D361CF2B29F6F700625B85 /* TravelAppViewModel.swift in Sources */,
				75D361B82B29CE7E00625B85 /* TravelAppMainView.swift in Sources */,
				7591EC182B2A2EE3000162F7 /* TravelCardView.swift in Sources */,
				7591EC212B2A46DE000162F7 /* VStackTextView.swift in Sources */,
				7591EC1A2B2A3BD5000162F7 /* DestinationDetailView.swift in Sources */,
				7591EC2A2B2A550B000162F7 /* MustSeeView.swift in Sources */,
				7591EC2C2B2A551F000162F7 /* HotelsView.swift in Sources */,
				75D361B62B29CE7E00625B85 /* TravelAppApp.swift in Sources */,
				7591EC262B2A5343000162F7 /* ImageCarouselView.swift in Sources */,
				75D361C42B29EB4F00625B85 /* DestinationModel.swift in Sources */,
				75D361C72B29F52D00625B85 /* HeaderView.swift in Sources */,
				7591EC282B2A5502000162F7 /* TransportView.swift in Sources */,
				7591EC242B2A4F21000162F7 /* CustomButtonView.swift in Sources */,
			);
			runOnlyForDeploymentPostprocessing = 0;
		};
/* End PBXSourcesBuildPhase section */

/* Begin XCBuildConfiguration section */
		75D361BE2B29CE7E00625B85 /* Debug */ = {
			isa = XCBuildConfiguration;
			buildSettings = {
				ALWAYS_SEARCH_USER_PATHS = NO;
				ASSETCATALOG_COMPILER_GENERATE_SWIFT_ASSET_SYMBOL_EXTENSIONS = YES;
				CLANG_ANALYZER_NONNULL = YES;
				CLANG_ANALYZER_NUMBER_OBJECT_CONVERSION = YES_AGGRESSIVE;
				CLANG_CXX_LANGUAGE_STANDARD = "gnu++20";
				CLANG_ENABLE_MODULES = YES;
				CLANG_ENABLE_OBJC_ARC = YES;
				CLANG_ENABLE_OBJC_WEAK = YES;
				CLANG_WARN_BLOCK_CAPTURE_AUTORELEASING = YES;
				CLANG_WARN_BOOL_CONVERSION = YES;
				CLANG_WARN_COMMA = YES;
				CLANG_WARN_CONSTANT_CONVERSION = YES;
				CLANG_WARN_DEPRECATED_OBJC_IMPLEMENTATIONS = YES;
				CLANG_WARN_DIRECT_OBJC_ISA_USAGE = YES_ERROR;
				CLANG_WARN_DOCUMENTATION_COMMENTS = YES;
				CLANG_WARN_EMPTY_BODY = YES;
				CLANG_WARN_ENUM_CONVERSION = YES;
				CLANG_WARN_INFINITE_RECURSION = YES;
				CLANG_WARN_INT_CONVERSION = YES;
				CLANG_WARN_NON_LITERAL_NULL_CONVERSION = YES;
				CLANG_WARN_OBJC_IMPLICIT_RETAIN_SELF = YES;
				CLANG_WARN_OBJC_LITERAL_CONVERSION = YES;
				CLANG_WARN_OBJC_ROOT_CLASS = YES_ERROR;
				CLANG_WARN_QUOTED_INCLUDE_IN_FRAMEWORK_HEADER = YES;
				CLANG_WARN_RANGE_LOOP_ANALYSIS = YES;
				CLANG_WARN_STRICT_PROTOTYPES = YES;
				CLANG_WARN_SUSPICIOUS_MOVE = YES;
				CLANG_WARN_UNGUARDED_AVAILABILITY = YES_AGGRESSIVE;
				CLANG_WARN_UNREACHABLE_CODE = YES;
				CLANG_WARN__DUPLICATE_METHOD_MATCH = YES;
				COPY_PHASE_STRIP = NO;
				DEBUG_INFORMATION_FORMAT = dwarf;
				ENABLE_STRICT_OBJC_MSGSEND = YES;
				ENABLE_TESTABILITY = YES;
				ENABLE_USER_SCRIPT_SANDBOXING = YES;
				GCC_C_LANGUAGE_STANDARD = gnu17;
				GCC_DYNAMIC_NO_PIC = NO;
				GCC_NO_COMMON_BLOCKS = YES;
				GCC_OPTIMIZATION_LEVEL = 0;
				GCC_PREPROCESSOR_DEFINITIONS = (
					"DEBUG=1",
					"$(inherited)",
				);
				GCC_WARN_64_TO_32_BIT_CONVERSION = YES;
				GCC_WARN_ABOUT_RETURN_TYPE = YES_ERROR;
				GCC_WARN_UNDECLARED_SELECTOR = YES;
				GCC_WARN_UNINITIALIZED_AUTOS = YES_AGGRESSIVE;
				GCC_WARN_UNUSED_FUNCTION = YES;
				GCC_WARN_UNUSED_VARIABLE = YES;
				IPHONEOS_DEPLOYMENT_TARGET = 17.2;
				LOCALIZATION_PREFERS_STRING_CATALOGS = YES;
				MTL_ENABLE_DEBUG_INFO = INCLUDE_SOURCE;
				MTL_FAST_MATH = YES;
				ONLY_ACTIVE_ARCH = YES;
				SDKROOT = iphoneos;
				SWIFT_ACTIVE_COMPILATION_CONDITIONS = "DEBUG $(inherited)";
				SWIFT_OPTIMIZATION_LEVEL = "-Onone";
			};
			name = Debug;
		};
		75D361BF2B29CE7E00625B85 /* Release */ = {
			isa = XCBuildConfiguration;
			buildSettings = {
				ALWAYS_SEARCH_USER_PATHS = NO;
				ASSETCATALOG_COMPILER_GENERATE_SWIFT_ASSET_SYMBOL_EXTENSIONS = YES;
				CLANG_ANALYZER_NONNULL = YES;
				CLANG_ANALYZER_NUMBER_OBJECT_CONVERSION = YES_AGGRESSIVE;
				CLANG_CXX_LANGUAGE_STANDARD = "gnu++20";
				CLANG_ENABLE_MODULES = YES;
				CLANG_ENABLE_OBJC_ARC = YES;
				CLANG_ENABLE_OBJC_WEAK = YES;
				CLANG_WARN_BLOCK_CAPTURE_AUTORELEASING = YES;
				CLANG_WARN_BOOL_CONVERSION = YES;
				CLANG_WARN_COMMA = YES;
				CLANG_WARN_CONSTANT_CONVERSION = YES;
				CLANG_WARN_DEPRECATED_OBJC_IMPLEMENTATIONS = YES;
				CLANG_WARN_DIRECT_OBJC_ISA_USAGE = YES_ERROR;
				CLANG_WARN_DOCUMENTATION_COMMENTS = YES;
				CLANG_WARN_EMPTY_BODY = YES;
				CLANG_WARN_ENUM_CONVERSION = YES;
				CLANG_WARN_INFINITE_RECURSION = YES;
				CLANG_WARN_INT_CONVERSION = YES;
				CLANG_WARN_NON_LITERAL_NULL_CONVERSION = YES;
				CLANG_WARN_OBJC_IMPLICIT_RETAIN_SELF = YES;
				CLANG_WARN_OBJC_LITERAL_CONVERSION = YES;
				CLANG_WARN_OBJC_ROOT_CLASS = YES_ERROR;
				CLANG_WARN_QUOTED_INCLUDE_IN_FRAMEWORK_HEADER = YES;
				CLANG_WARN_RANGE_LOOP_ANALYSIS = YES;
				CLANG_WARN_STRICT_PROTOTYPES = YES;
				CLANG_WARN_SUSPICIOUS_MOVE = YES;
				CLANG_WARN_UNGUARDED_AVAILABILITY = YES_AGGRESSIVE;
				CLANG_WARN_UNREACHABLE_CODE = YES;
				CLANG_WARN__DUPLICATE_METHOD_MATCH = YES;
				COPY_PHASE_STRIP = NO;
				DEBUG_INFORMATION_FORMAT = "dwarf-with-dsym";
				ENABLE_NS_ASSERTIONS = NO;
				ENABLE_STRICT_OBJC_MSGSEND = YES;
				ENABLE_USER_SCRIPT_SANDBOXING = YES;
				GCC_C_LANGUAGE_STANDARD = gnu17;
				GCC_NO_COMMON_BLOCKS = YES;
				GCC_WARN_64_TO_32_BIT_CONVERSION = YES;
				GCC_WARN_ABOUT_RETURN_TYPE = YES_ERROR;
				GCC_WARN_UNDECLARED_SELECTOR = YES;
				GCC_WARN_UNINITIALIZED_AUTOS = YES_AGGRESSIVE;
				GCC_WARN_UNUSED_FUNCTION = YES;
				GCC_WARN_UNUSED_VARIABLE = YES;
				IPHONEOS_DEPLOYMENT_TARGET = 17.2;
				LOCALIZATION_PREFERS_STRING_CATALOGS = YES;
				MTL_ENABLE_DEBUG_INFO = NO;
				MTL_FAST_MATH = YES;
				SDKROOT = iphoneos;
				SWIFT_COMPILATION_MODE = wholemodule;
				VALIDATE_PRODUCT = YES;
			};
			name = Release;
		};
		75D361C12B29CE7E00625B85 /* Debug */ = {
			isa = XCBuildConfiguration;
			buildSettings = {
				ASSETCATALOG_COMPILER_APPICON_NAME = AppIcon;
				ASSETCATALOG_COMPILER_GLOBAL_ACCENT_COLOR_NAME = AccentColor;
				CODE_SIGN_STYLE = Automatic;
				CURRENT_PROJECT_VERSION = 1;
				DEVELOPMENT_ASSET_PATHS = "\"TravelApp/Preview Content\"";
				DEVELOPMENT_TEAM = 69GK54W8ZW;
				ENABLE_PREVIEWS = YES;
				GENERATE_INFOPLIST_FILE = YES;
				INFOPLIST_KEY_UIApplicationSceneManifest_Generation = YES;
				INFOPLIST_KEY_UIApplicationSupportsIndirectInputEvents = YES;
				INFOPLIST_KEY_UILaunchScreen_Generation = YES;
				INFOPLIST_KEY_UISupportedInterfaceOrientations_iPad = "UIInterfaceOrientationPortrait UIInterfaceOrientationPortraitUpsideDown UIInterfaceOrientationLandscapeLeft UIInterfaceOrientationLandscapeRight";
				INFOPLIST_KEY_UISupportedInterfaceOrientations_iPhone = "UIInterfaceOrientationPortrait UIInterfaceOrientationLandscapeLeft UIInterfaceOrientationLandscapeRight";
				LD_RUNPATH_SEARCH_PATHS = (
					"$(inherited)",
					"@executable_path/Frameworks",
				);
				MARKETING_VERSION = 1.0;
				PRODUCT_BUNDLE_IDENTIFIER = com.Void.TravelApp;
				PRODUCT_NAME = "$(TARGET_NAME)";
				SWIFT_EMIT_LOC_STRINGS = YES;
				SWIFT_VERSION = 5.0;
				TARGETED_DEVICE_FAMILY = "1,2";
			};
			name = Debug;
		};
		75D361C22B29CE7E00625B85 /* Release */ = {
			isa = XCBuildConfiguration;
			buildSettings = {
				ASSETCATALOG_COMPILER_APPICON_NAME = AppIcon;
				ASSETCATALOG_COMPILER_GLOBAL_ACCENT_COLOR_NAME = AccentColor;
				CODE_SIGN_STYLE = Automatic;
				CURRENT_PROJECT_VERSION = 1;
				DEVELOPMENT_ASSET_PATHS = "\"TravelApp/Preview Content\"";
				DEVELOPMENT_TEAM = 69GK54W8ZW;
				ENABLE_PREVIEWS = YES;
				GENERATE_INFOPLIST_FILE = YES;
				INFOPLIST_KEY_UIApplicationSceneManifest_Generation = YES;
				INFOPLIST_KEY_UIApplicationSupportsIndirectInputEvents = YES;
				INFOPLIST_KEY_UILaunchScreen_Generation = YES;
				INFOPLIST_KEY_UISupportedInterfaceOrientations_iPad = "UIInterfaceOrientationPortrait UIInterfaceOrientationPortraitUpsideDown UIInterfaceOrientationLandscapeLeft UIInterfaceOrientationLandscapeRight";
				INFOPLIST_KEY_UISupportedInterfaceOrientations_iPhone = "UIInterfaceOrientationPortrait UIInterfaceOrientationLandscapeLeft UIInterfaceOrientationLandscapeRight";
				LD_RUNPATH_SEARCH_PATHS = (
					"$(inherited)",
					"@executable_path/Frameworks",
				);
				MARKETING_VERSION = 1.0;
				PRODUCT_BUNDLE_IDENTIFIER = com.Void.TravelApp;
				PRODUCT_NAME = "$(TARGET_NAME)";
				SWIFT_EMIT_LOC_STRINGS = YES;
				SWIFT_VERSION = 5.0;
				TARGETED_DEVICE_FAMILY = "1,2";
			};
			name = Release;
		};
/* End XCBuildConfiguration section */

/* Begin XCConfigurationList section */
		75D361AD2B29CE7E00625B85 /* Build configuration list for PBXProject "TravelApp" */ = {
			isa = XCConfigurationList;
			buildConfigurations = (
				75D361BE2B29CE7E00625B85 /* Debug */,
				75D361BF2B29CE7E00625B85 /* Release */,
			);
			defaultConfigurationIsVisible = 0;
			defaultConfigurationName = Release;
		};
		75D361C02B29CE7E00625B85 /* Build configuration list for PBXNativeTarget "TravelApp" */ = {
			isa = XCConfigurationList;
			buildConfigurations = (
				75D361C12B29CE7E00625B85 /* Debug */,
				75D361C22B29CE7E00625B85 /* Release */,
			);
			defaultConfigurationIsVisible = 0;
			defaultConfigurationName = Release;
		};
/* End XCConfigurationList section */

/* Begin XCRemoteSwiftPackageReference section */
		75D361CB2B29F6D300625B85 /* XCRemoteSwiftPackageReference "SwiftNet" */ = {
			isa = XCRemoteSwiftPackageReference;
			repositoryURL = "https://github.com/WhereIsPumpkin/SwiftNet";
			requirement = {
				branch = main;
				kind = branch;
			};
		};
/* End XCRemoteSwiftPackageReference section */

/* Begin XCSwiftPackageProductDependency section */
		75D361CC2B29F6D300625B85 /* NetSwift */ = {
			isa = XCSwiftPackageProductDependency;
			package = 75D361CB2B29F6D300625B85 /* XCRemoteSwiftPackageReference "SwiftNet" */;
			productName = NetSwift;
		};
/* End XCSwiftPackageProductDependency section */
	};
	rootObject = 75D361AA2B29CE7E00625B85 /* Project object */;
}
