{
  "pins" : [
    {
      "identity" : "swiftnet",
      "kind" : "remoteSourceControl",
      "location" : "https://github.com/WhereIsPumpkin/SwiftNet",
      "state" : {
        "branch" : "main",
        "revision" : "3e7fb401abb919f1d6b25e7ca35721557a94a05e"
      }
    }
  ],
  "version" : 2
}
